hash: c82bf627b961772911334382ab929b7820ad1dbf974120a2ec799c68b77f494a
updated: 2018-01-01T11:56:12.862378+08:00
imports:
- name: github.com/fatih/structs
  version: a720dfa8df582c51dee1b36feabb906bde1588bd
- name: github.com/gin-contrib/sse
  version: 22d885f9ecc78bf4ee5d72b937e4bbcdc58e8cae
- name: github.com/gin-gonic/gin
  version: d459835d2b077e44f7c9b453505ee29881d5d12d
  subpackages:
  - binding
  - render
- name: github.com/golang/net
  version: d866cfc389cec985d6fda2859936a575a55a3ab6
  subpackages:
  - context
- name: github.com/golang/protobuf
  version: 1e59b77b52bf8e4b449a57e6f79f21226d571845
  subpackages:
  - proto
- name: github.com/mattn/go-isatty
  version: 0360b2af4f38e8d38c7fce2a9f4e702702d73a39
- name: github.com/olivere/elastic
  version: ddb058ca128ab8faf97562416199b02be2467f55
  subpackages:
  - config
  - uritemplates
- name: github.com/pkg/errors
  version: 645ef00459ed84a119197bfb8d8205042c6df63d
- name: github.com/ugorji/go
  version: ccfe18359b55b97855cee1d3f74e5efbda4869dc
  subpackages:
  - codec
- name: golang.org/x/crypto
  version: 0fcca4842a8d74bfddc2c96a073bd2a4d2a7a2e8
- name: golang.org/x/net
  version: d866cfc389cec985d6fda2859936a575a55a3ab6
- name: golang.org/x/sys
  version: a646d33e2ee3172a661fc09bca23bb4889a41bc8
  subpackages:
  - unix
testImports: []
